{
  "nodes": {
    "flakeNimbleLib": {
      "inputs": {
        "nixpkgs": [
          "nixpkgs"
        ]
      },
      "locked": {
        "lastModified": 1662018438,
        "narHash": "sha256-QtNtU6+LX3Wokxf0zlFwKTFOcn6TeDjKQZ+DA9OYtvM=",
        "owner": "riinr",
        "repo": "nim-flakes-lib",
        "rev": "b1fe8340736e3a85d25c709ac3dfd82a55c03cbf",
        "type": "github"
      },
      "original": {
        "owner": "riinr",
        "ref": "master",
        "repo": "nim-flakes-lib",
        "type": "github"
      }
    },
    "nixpkgs": {
      "locked": {
        "lastModified": 1667199707,
        "narHash": "sha256-I2Js3Y7gUyVSEXPULHlBoRek4Lh85vnevdS6mdvDNLI=",
        "owner": "NixOS",
        "repo": "nixpkgs",
        "rev": "ced197be72099edcfa68ebed8b87af7b04851f45",
        "type": "github"
      },
      "original": {
        "id": "nixpkgs",
        "type": "indirect"
      }
    },
    "root": {
      "inputs": {
        "flakeNimbleLib": "flakeNimbleLib",
        "nixpkgs": "nixpkgs",
        "simpledecimal-0_1_0": "simpledecimal-0_1_0",
        "simpledecimal-master": "simpledecimal-master"
      }
    },
    "simpledecimal-0_1_0": {
      "inputs": {
        "flakeNimbleLib": [
          "flakeNimbleLib"
        ],
        "nixpkgs": [
          "nixpkgs"
        ],
        "src-simpledecimal-0_1_0": "src-simpledecimal-0_1_0"
      },
      "locked": {
        "dir": "0_1_0",
        "lastModified": 1667322671,
        "narHash": "sha256-y9eYSaC9aYHYurfmNet7WTYSD//PlA8FsyIDeeIjTbg=",
        "owner": "nim-nix-pkgs",
        "repo": "simpledecimal",
        "rev": "1abebeb4cf24e033c01bb3fb97302c3b0b5652da",
        "type": "github"
      },
      "original": {
        "dir": "0_1_0",
        "owner": "nim-nix-pkgs",
        "ref": "master",
        "repo": "simpledecimal",
        "type": "github"
      }
    },
    "simpledecimal-master": {
      "inputs": {
        "flakeNimbleLib": [
          "flakeNimbleLib"
        ],
        "nixpkgs": [
          "nixpkgs"
        ],
        "src-simpledecimal-master": "src-simpledecimal-master"
      },
      "locked": {
        "dir": "master",
        "lastModified": 1667322671,
        "narHash": "sha256-y9eYSaC9aYHYurfmNet7WTYSD//PlA8FsyIDeeIjTbg=",
        "owner": "nim-nix-pkgs",
        "repo": "simpledecimal",
        "rev": "1abebeb4cf24e033c01bb3fb97302c3b0b5652da",
        "type": "github"
      },
      "original": {
        "dir": "master",
        "owner": "nim-nix-pkgs",
        "ref": "master",
        "repo": "simpledecimal",
        "type": "github"
      }
    },
    "src-simpledecimal-0_1_0": {
      "flake": false,
      "locked": {
        "lastModified": 1537287498,
        "narHash": "sha256-mDtSDx0R0IaA0QuwSFeKEqpCmIU08/8o5yh+9/ZgQ0E=",
        "owner": "pigmej",
        "repo": "nim-simple-decimal",
        "rev": "174c13cb7c37f8f89a81b7ea995757421be35052",
        "type": "github"
      },
      "original": {
        "owner": "pigmej",
        "ref": "refs/tags/0.1.0",
        "repo": "nim-simple-decimal",
        "type": "github"
      }
    },
    "src-simpledecimal-master": {
      "flake": false,
      "locked": {
        "lastModified": 1537287498,
        "narHash": "sha256-mDtSDx0R0IaA0QuwSFeKEqpCmIU08/8o5yh+9/ZgQ0E=",
        "owner": "pigmej",
        "repo": "nim-simple-decimal",
        "rev": "174c13cb7c37f8f89a81b7ea995757421be35052",
        "type": "github"
      },
      "original": {
        "owner": "pigmej",
        "ref": "refs/heads/master",
        "repo": "nim-simple-decimal",
        "type": "github"
      }
    }
  },
  "root": "root",
  "version": 7
}
